
Microsoft Visual Studio Solution File, Format Version 12.00
# Visual Studio 14
VisualStudioVersion = 14.0.25123.0
MinimumVisualStudioVersion = 10.0.40219.1
Project("{FAE04EC0-301F-11D3-BF4B-00C04F79EFBC}") = "DecisionTech.AcceptanceTest", "DecisionTech.AcceptanceTest\DecisionTech.AcceptanceTest.csproj", "{0AF353CC-D32B-430F-8994-04CE8B4DA9C9}"
EndProject
Project("{FAE04EC0-301F-11D3-BF4B-00C04F79EFBC}") = "DecisionTech", "DecisionTech\DecisionTech.csproj", "{D76BD043-D547-49DB-B326-D47BC30ED732}"
EndProject
Global
	GlobalSection(SolutionConfigurationPlatforms) = preSolution
		Debug|Any CPU = Debug|Any CPU
		Release|Any CPU = Release|Any CPU
	EndGlobalSection
	GlobalSection(ProjectConfigurationPlatforms) = postSolution
		{0AF353CC-D32B-430F-8994-04CE8B4DA9C9}.Debug|Any CPU.ActiveCfg = Debug|Any CPU
		{0AF353CC-D32B-430F-8994-04CE8B4DA9C9}.Debug|Any CPU.Build.0 = Debug|Any CPU
		{0AF353CC-D32B-430F-8994-04CE8B4DA9C9}.Release|Any CPU.ActiveCfg = Release|Any CPU
		{0AF353CC-D32B-430F-8994-04CE8B4DA9C9}.Release|Any CPU.Build.0 = Release|Any CPU
		{D76BD043-D547-49DB-B326-D47BC30ED732}.Debug|Any CPU.ActiveCfg = Debug|Any CPU
		{D76BD043-D547-49DB-B326-D47BC30ED732}.Debug|Any CPU.Build.0 = Debug|Any CPU
		{D76BD043-D547-49DB-B326-D47BC30ED732}.Release|Any CPU.ActiveCfg = Release|Any CPU
		{D76BD043-D547-49DB-B326-D47BC30ED732}.Release|Any CPU.Build.0 = Release|Any CPU
	EndGlobalSection
	GlobalSection(SolutionProperties) = preSolution
		HideSolutionNode = FALSE
	EndGlobalSection
EndGlobal
